
Microsoft Visual Studio Solution File, Format Version 12.00
# Visual Studio Version 16
VisualStudioVersion = 16.0.29509.3
MinimumVisualStudioVersion = 10.0.40219.1
Project("{9A19103F-16F7-4668-BE54-9A1E7A4F7556}") = "Day19", "Day19.csproj", "{1104D603-DA65-4F11-BB74-82AEEADF3DBA}"
EndProject
Global
	GlobalSection(SolutionConfigurationPlatforms) = preSolution
		Debug|Any CPU = Debug|Any CPU
		Release|Any CPU = Release|Any CPU
	EndGlobalSection
	GlobalSection(ProjectConfigurationPlatforms) = postSolution
		{1104D603-DA65-4F11-BB74-82AEEADF3DBA}.Debug|Any CPU.ActiveCfg = Debug|Any CPU
		{1104D603-DA65-4F11-BB74-82AEEADF3DBA}.Debug|Any CPU.Build.0 = Debug|Any CPU
		{1104D603-DA65-4F11-BB74-82AEEADF3DBA}.Release|Any CPU.ActiveCfg = Release|Any CPU
		{1104D603-DA65-4F11-BB74-82AEEADF3DBA}.Release|Any CPU.Build.0 = Release|Any CPU
	EndGlobalSection
	GlobalSection(SolutionProperties) = preSolution
		HideSolutionNode = FALSE
	EndGlobalSection
	GlobalSection(ExtensibilityGlobals) = postSolution
		SolutionGuid = {31DBCC90-6BD9-4964-BE05-6EE942026721}
	EndGlobalSection
EndGlobal
